
Microsoft Visual Studio Solution File, Format Version 12.00
# Visual Studio Version 17
VisualStudioVersion = 17.5.33530.505
MinimumVisualStudioVersion = 10.0.40219.1
Project("{F184B08F-C81C-45F6-A57F-5ABD9991F28F}") = "SAé_Mastermind", "SAé_Mastermind.vbproj", "{32573C63-743F-4E83-B700-C1CB06DC87F5}"
EndProject
Global
	GlobalSection(SolutionConfigurationPlatforms) = preSolution
		Debug|Any CPU = Debug|Any CPU
		Release|Any CPU = Release|Any CPU
	EndGlobalSection
	GlobalSection(ProjectConfigurationPlatforms) = postSolution
		{32573C63-743F-4E83-B700-C1CB06DC87F5}.Debug|Any CPU.ActiveCfg = Debug|Any CPU
		{32573C63-743F-4E83-B700-C1CB06DC87F5}.Debug|Any CPU.Build.0 = Debug|Any CPU
		{32573C63-743F-4E83-B700-C1CB06DC87F5}.Release|Any CPU.ActiveCfg = Release|Any CPU
		{32573C63-743F-4E83-B700-C1CB06DC87F5}.Release|Any CPU.Build.0 = Release|Any CPU
	EndGlobalSection
	GlobalSection(SolutionProperties) = preSolution
		HideSolutionNode = FALSE
	EndGlobalSection
	GlobalSection(ExtensibilityGlobals) = postSolution
		SolutionGuid = {F9E99269-FAC1-4DF6-9ABB-F9ED3DA5EF03}
	EndGlobalSection
EndGlobal
